// !$*UTF8*$!
{
	archiveVersion = 1;
	classes = {
	};
	objectVersion = 55;
	objects = {

/* Begin PBXBuildFile section */
		5C0CCCDC275B41BD006D5BBF /* AppDelegate.swift in Sources */ = {isa = PBXBuildFile; fileRef = 5C0CCCDB275B41BD006D5BBF /* AppDelegate.swift */; };
		5C0CCCDE275B41BD006D5BBF /* SceneDelegate.swift in Sources */ = {isa = PBXBuildFile; fileRef = 5C0CCCDD275B41BD006D5BBF /* SceneDelegate.swift */; };
		5C0CCCE0275B41BD006D5BBF /* ViewController.swift in Sources */ = {isa = PBXBuildFile; fileRef = 5C0CCCDF275B41BD006D5BBF /* ViewController.swift */; };
		5C0CCCE3275B41BD006D5BBF /* Main.storyboard in Resources */ = {isa = PBXBuildFile; fileRef = 5C0CCCE1275B41BD006D5BBF /* Main.storyboard */; };
		5C0CCCE6275B41BD006D5BBF /* SoundVisualizer.xcdatamodeld in Sources */ = {isa = PBXBuildFile; fileRef = 5C0CCCE4275B41BD006D5BBF /* SoundVisualizer.xcdatamodeld */; };
		5C0CCCE8275B41BE006D5BBF /* Assets.xcassets in Resources */ = {isa = PBXBuildFile; fileRef = 5C0CCCE7275B41BE006D5BBF /* Assets.xcassets */; };
		5C0CCCEB275B41BE006D5BBF /* LaunchScreen.storyboard in Resources */ = {isa = PBXBuildFile; fileRef = 5C0CCCE9275B41BE006D5BBF /* LaunchScreen.storyboard */; };
		5C0CCCF6275B41BE006D5BBF /* SoundVisualizerTests.swift in Sources */ = {isa = PBXBuildFile; fileRef = 5C0CCCF5275B41BE006D5BBF /* SoundVisualizerTests.swift */; };
		5C0CCD00275B41BF006D5BBF /* SoundVisualizerUITests.swift in Sources */ = {isa = PBXBuildFile; fileRef = 5C0CCCFF275B41BF006D5BBF /* SoundVisualizerUITests.swift */; };
		5C0CCD02275B41BF006D5BBF /* SoundVisualizerUITestsLaunchTests.swift in Sources */ = {isa = PBXBuildFile; fileRef = 5C0CCD01275B41BF006D5BBF /* SoundVisualizerUITestsLaunchTests.swift */; };
		5C0CCD13275B6CAC006D5BBF /* CircleShader.metal in Sources */ = {isa = PBXBuildFile; fileRef = 5C0CCD12275B6CAC006D5BBF /* CircleShader.metal */; };
/* End PBXBuildFile section */

/* Begin PBXContainerItemProxy section */
		5C0CCCF2275B41BE006D5BBF /* PBXContainerItemProxy */ = {
			isa = PBXContainerItemProxy;
			containerPortal = 5C0CCCD0275B41BD006D5BBF /* Project object */;
			proxyType = 1;
			remoteGlobalIDString = 5C0CCCD7275B41BD006D5BBF;
			remoteInfo = SoundVisualizer;
		};
		5C0CCCFC275B41BF006D5BBF /* PBXContainerItemProxy */ = {
			isa = PBXContainerItemProxy;
			containerPortal = 5C0CCCD0275B41BD006D5BBF /* Project object */;
			proxyType = 1;
			remoteGlobalIDString = 5C0CCCD7275B41BD006D5BBF;
			remoteInfo = SoundVisualizer;
		};
/* End PBXContainerItemProxy section */

/* Begin PBXFileReference section */
		5C0CCCD8275B41BD006D5BBF /* SoundVisualizer.app */ = {isa = PBXFileReference; explicitFileType = wrapper.application; includeInIndex = 0; path = SoundVisualizer.app; sourceTree = BUILT_PRODUCTS_DIR; };
		5C0CCCDB275B41BD006D5BBF /* AppDelegate.swift */ = {isa = PBXFileReference; lastKnownFileType = sourcecode.swift; path = AppDelegate.swift; sourceTree = "<group>"; };
		5C0CCCDD275B41BD006D5BBF /* SceneDelegate.swift */ = {isa = PBXFileReference; lastKnownFileType = sourcecode.swift; path = SceneDelegate.swift; sourceTree = "<group>"; };
		5C0CCCDF275B41BD006D5BBF /* ViewController.swift */ = {isa = PBXFileReference; lastKnownFileType = sourcecode.swift; path = ViewController.swift; sourceTree = "<group>"; };
		5C0CCCE2275B41BD006D5BBF /* Base */ = {isa = PBXFileReference; lastKnownFileType = file.storyboard; name = Base; path = Base.lproj/Main.storyboard; sourceTree = "<group>"; };
		5C0CCCE5275B41BD006D5BBF /* SoundVisualizer.xcdatamodel */ = {isa = PBXFileReference; lastKnownFileType = wrapper.xcdatamodel; path = SoundVisualizer.xcdatamodel; sourceTree = "<group>"; };
		5C0CCCE7275B41BE006D5BBF /* Assets.xcassets */ = {isa = PBXFileReference; lastKnownFileType = folder.assetcatalog; path = Assets.xcassets; sourceTree = "<group>"; };
		5C0CCCEA275B41BE006D5BBF /* Base */ = {isa = PBXFileReference; lastKnownFileType = file.storyboard; name = Base; path = Base.lproj/LaunchScreen.storyboard; sourceTree = "<group>"; };
		5C0CCCEC275B41BE006D5BBF /* Info.plist */ = {isa = PBXFileReference; lastKnownFileType = text.plist.xml; path = Info.plist; sourceTree = "<group>"; };
		5C0CCCF1275B41BE006D5BBF /* SoundVisualizerTests.xctest */ = {isa = PBXFileReference; explicitFileType = wrapper.cfbundle; includeInIndex = 0; path = SoundVisualizerTests.xctest; sourceTree = BUILT_PRODUCTS_DIR; };
		5C0CCCF5275B41BE006D5BBF /* SoundVisualizerTests.swift */ = {isa = PBXFileReference; lastKnownFileType = sourcecode.swift; path = SoundVisualizerTests.swift; sourceTree = "<group>"; };
		5C0CCCFB275B41BF006D5BBF /* SoundVisualizerUITests.xctest */ = {isa = PBXFileReference; explicitFileType = wrapper.cfbundle; includeInIndex = 0; path = SoundVisualizerUITests.xctest; sourceTree = BUILT_PRODUCTS_DIR; };
		5C0CCCFF275B41BF006D5BBF /* SoundVisualizerUITests.swift */ = {isa = PBXFileReference; lastKnownFileType = sourcecode.swift; path = SoundVisualizerUITests.swift; sourceTree = "<group>"; };
		5C0CCD01275B41BF006D5BBF /* SoundVisualizerUITestsLaunchTests.swift */ = {isa = PBXFileReference; lastKnownFileType = sourcecode.swift; path = SoundVisualizerUITestsLaunchTests.swift; sourceTree = "<group>"; };
		5C0CCD12275B6CAC006D5BBF /* CircleShader.metal */ = {isa = PBXFileReference; lastKnownFileType = sourcecode.metal; path = CircleShader.metal; sourceTree = "<group>"; };
/* End PBXFileReference section */

/* Begin PBXFrameworksBuildPhase section */
		5C0CCCD5275B41BD006D5BBF /* Frameworks */ = {
			isa = PBXFrameworksBuildPhase;
			buildActionMask = 2147483647;
			files = (
			);
			runOnlyForDeploymentPostprocessing = 0;
		};
		5C0CCCEE275B41BE006D5BBF /* Frameworks */ = {
			isa = PBXFrameworksBuildPhase;
			buildActionMask = 2147483647;
			files = (
			);
			runOnlyForDeploymentPostprocessing = 0;
		};
		5C0CCCF8275B41BF006D5BBF /* Frameworks */ = {
			isa = PBXFrameworksBuildPhase;
			buildActionMask = 2147483647;
			files = (
			);
			runOnlyForDeploymentPostprocessing = 0;
		};
/* End PBXFrameworksBuildPhase section */

/* Begin PBXGroup section */
		5C0CCCCF275B41BD006D5BBF = {
			isa = PBXGroup;
			children = (
				5C0CCCDA275B41BD006D5BBF /* SoundVisualizer */,
				5C0CCCF4275B41BE006D5BBF /* SoundVisualizerTests */,
				5C0CCCFE275B41BF006D5BBF /* SoundVisualizerUITests */,
				5C0CCCD9275B41BD006D5BBF /* Products */,
			);
			sourceTree = "<group>";
		};
		5C0CCCD9275B41BD006D5BBF /* Products */ = {
			isa = PBXGroup;
			children = (
				5C0CCCD8275B41BD006D5BBF /* SoundVisualizer.app */,
				5C0CCCF1275B41BE006D5BBF /* SoundVisualizerTests.xctest */,
				5C0CCCFB275B41BF006D5BBF /* SoundVisualizerUITests.xctest */,
			);
			name = Products;
			sourceTree = "<group>";
		};
		5C0CCCDA275B41BD006D5BBF /* SoundVisualizer */ = {
			isa = PBXGroup;
			children = (
				5C0CCD12275B6CAC006D5BBF /* CircleShader.metal */,
				5C0CCCEC275B41BE006D5BBF /* Info.plist */,
				5C0CCCDB275B41BD006D5BBF /* AppDelegate.swift */,
				5C0CCCDD275B41BD006D5BBF /* SceneDelegate.swift */,
				5C0CCCDF275B41BD006D5BBF /* ViewController.swift */,
				5C0CCCE7275B41BE006D5BBF /* Assets.xcassets */,
				5C0CCCE9275B41BE006D5BBF /* LaunchScreen.storyboard */,
				5C0CCCE1275B41BD006D5BBF /* Main.storyboard */,
				5C0CCCE4275B41BD006D5BBF /* SoundVisualizer.xcdatamodeld */,
			);
			path = SoundVisualizer;
			sourceTree = "<group>";
		};
		5C0CCCF4275B41BE006D5BBF /* SoundVisualizerTests */ = {
			isa = PBXGroup;
			children = (
				5C0CCCF5275B41BE006D5BBF /* SoundVisualizerTests.swift */,
			);
			path = SoundVisualizerTests;
			sourceTree = "<group>";
		};
		5C0CCCFE275B41BF006D5BBF /* SoundVisualizerUITests */ = {
			isa = PBXGroup;
			children = (
				5C0CCCFF275B41BF006D5BBF /* SoundVisualizerUITests.swift */,
				5C0CCD01275B41BF006D5BBF /* SoundVisualizerUITestsLaunchTests.swift */,
			);
			path = SoundVisualizerUITests;
			sourceTree = "<group>";
		};
/* End PBXGroup section */

/* Begin PBXNativeTarget section */
		5C0CCCD7275B41BD006D5BBF /* SoundVisualizer */ = {
			isa = PBXNativeTarget;
			buildConfigurationList = 5C0CCD05275B41BF006D5BBF /* Build configuration list for PBXNativeTarget "SoundVisualizer" */;
			buildPhases = (
				5C0CCCD4275B41BD006D5BBF /* Sources */,
				5C0CCCD5275B41BD006D5BBF /* Frameworks */,
				5C0CCCD6275B41BD006D5BBF /* Resources */,
			);
			buildRules = (
			);
			dependencies = (
			);
			name = SoundVisualizer;
			productName = SoundVisualizer;
			productReference = 5C0CCCD8275B41BD006D5BBF /* SoundVisualizer.app */;
			productType = "com.apple.product-type.application";
		};
		5C0CCCF0275B41BE006D5BBF /* SoundVisualizerTests */ = {
			isa = PBXNativeTarget;
			buildConfigurationList = 5C0CCD08275B41BF006D5BBF /* Build configuration list for PBXNativeTarget "SoundVisualizerTests" */;
			buildPhases = (
				5C0CCCED275B41BE006D5BBF /* Sources */,
				5C0CCCEE275B41BE006D5BBF /* Frameworks */,
				5C0CCCEF275B41BE006D5BBF /* Resources */,
			);
			buildRules = (
			);
			dependencies = (
				5C0CCCF3275B41BE006D5BBF /* PBXTargetDependency */,
			);
			name = SoundVisualizerTests;
			productName = SoundVisualizerTests;
			productReference = 5C0CCCF1275B41BE006D5BBF /* SoundVisualizerTests.xctest */;
			productType = "com.apple.product-type.bundle.unit-test";
		};
		5C0CCCFA275B41BF006D5BBF /* SoundVisualizerUITests */ = {
			isa = PBXNativeTarget;
			buildConfigurationList = 5C0CCD0B275B41BF006D5BBF /* Build configuration list for PBXNativeTarget "SoundVisualizerUITests" */;
			buildPhases = (
				5C0CCCF7275B41BF006D5BBF /* Sources */,
				5C0CCCF8275B41BF006D5BBF /* Frameworks */,
				5C0CCCF9275B41BF006D5BBF /* Resources */,
			);
			buildRules = (
			);
			dependencies = (
				5C0CCCFD275B41BF006D5BBF /* PBXTargetDependency */,
			);
			name = SoundVisualizerUITests;
			productName = SoundVisualizerUITests;
			productReference = 5C0CCCFB275B41BF006D5BBF /* SoundVisualizerUITests.xctest */;
			productType = "com.apple.product-type.bundle.ui-testing";
		};
/* End PBXNativeTarget section */

/* Begin PBXProject section */
		5C0CCCD0275B41BD006D5BBF /* Project object */ = {
			isa = PBXProject;
			attributes = {
				BuildIndependentTargetsInParallel = 1;
				LastSwiftUpdateCheck = 1310;
				LastUpgradeCheck = 1310;
				TargetAttributes = {
					5C0CCCD7275B41BD006D5BBF = {
						CreatedOnToolsVersion = 13.1;
					};
					5C0CCCF0275B41BE006D5BBF = {
						CreatedOnToolsVersion = 13.1;
						TestTargetID = 5C0CCCD7275B41BD006D5BBF;
					};
					5C0CCCFA275B41BF006D5BBF = {
						CreatedOnToolsVersion = 13.1;
						TestTargetID = 5C0CCCD7275B41BD006D5BBF;
					};
				};
			};
			buildConfigurationList = 5C0CCCD3275B41BD006D5BBF /* Build configuration list for PBXProject "SoundVisualizer" */;
			compatibilityVersion = "Xcode 13.0";
			developmentRegion = en;
			hasScannedForEncodings = 0;
			knownRegions = (
				en,
				Base,
			);
			mainGroup = 5C0CCCCF275B41BD006D5BBF;
			productRefGroup = 5C0CCCD9275B41BD006D5BBF /* Products */;
			projectDirPath = "";
			projectRoot = "";
			targets = (
				5C0CCCD7275B41BD006D5BBF /* SoundVisualizer */,
				5C0CCCF0275B41BE006D5BBF /* SoundVisualizerTests */,
				5C0CCCFA275B41BF006D5BBF /* SoundVisualizerUITests */,
			);
		};
/* End PBXProject section */

/* Begin PBXResourcesBuildPhase section */
		5C0CCCD6275B41BD006D5BBF /* Resources */ = {
			isa = PBXResourcesBuildPhase;
			buildActionMask = 2147483647;
			files = (
				5C0CCCEB275B41BE006D5BBF /* LaunchScreen.storyboard in Resources */,
				5C0CCCE8275B41BE006D5BBF /* Assets.xcassets in Resources */,
				5C0CCCE3275B41BD006D5BBF /* Main.storyboard in Resources */,
			);
			runOnlyForDeploymentPostprocessing = 0;
		};
		5C0CCCEF275B41BE006D5BBF /* Resources */ = {
			isa = PBXResourcesBuildPhase;
			buildActionMask = 2147483647;
			files = (
			);
			runOnlyForDeploymentPostprocessing = 0;
		};
		5C0CCCF9275B41BF006D5BBF /* Resources */ = {
			isa = PBXResourcesBuildPhase;
			buildActionMask = 2147483647;
			files = (
			);
			runOnlyForDeploymentPostprocessing = 0;
		};
/* End PBXResourcesBuildPhase section */

/* Begin PBXSourcesBuildPhase section */
		5C0CCCD4275B41BD006D5BBF /* Sources */ = {
			isa = PBXSourcesBuildPhase;
			buildActionMask = 2147483647;
			files = (
				5C0CCCE0275B41BD006D5BBF /* ViewController.swift in Sources */,
				5C0CCCDC275B41BD006D5BBF /* AppDelegate.swift in Sources */,
				5C0CCCDE275B41BD006D5BBF /* SceneDelegate.swift in Sources */,
				5C0CCCE6275B41BD006D5BBF /* SoundVisualizer.xcdatamodeld in Sources */,
				5C0CCD13275B6CAC006D5BBF /* CircleShader.metal in Sources */,
			);
			runOnlyForDeploymentPostprocessing = 0;
		};
		5C0CCCED275B41BE006D5BBF /* Sources */ = {
			isa = PBXSourcesBuildPhase;
			buildActionMask = 2147483647;
			files = (
				5C0CCCF6275B41BE006D5BBF /* SoundVisualizerTests.swift in Sources */,
			);
			runOnlyForDeploymentPostprocessing = 0;
		};
		5C0CCCF7275B41BF006D5BBF /* Sources */ = {
			isa = PBXSourcesBuildPhase;
			buildActionMask = 2147483647;
			files = (
				5C0CCD02275B41BF006D5BBF /* SoundVisualizerUITestsLaunchTests.swift in Sources */,
				5C0CCD00275B41BF006D5BBF /* SoundVisualizerUITests.swift in Sources */,
			);
			runOnlyForDeploymentPostprocessing = 0;
		};
/* End PBXSourcesBuildPhase section */

/* Begin PBXTargetDependency section */
		5C0CCCF3275B41BE006D5BBF /* PBXTargetDependency */ = {
			isa = PBXTargetDependency;
			target = 5C0CCCD7275B41BD006D5BBF /* SoundVisualizer */;
			targetProxy = 5C0CCCF2275B41BE006D5BBF /* PBXContainerItemProxy */;
		};
		5C0CCCFD275B41BF006D5BBF /* PBXTargetDependency */ = {
			isa = PBXTargetDependency;
			target = 5C0CCCD7275B41BD006D5BBF /* SoundVisualizer */;
			targetProxy = 5C0CCCFC275B41BF006D5BBF /* PBXContainerItemProxy */;
		};
/* End PBXTargetDependency section */

/* Begin PBXVariantGroup section */
		5C0CCCE1275B41BD006D5BBF /* Main.storyboard */ = {
			isa = PBXVariantGroup;
			children = (
				5C0CCCE2275B41BD006D5BBF /* Base */,
			);
			name = Main.storyboard;
			sourceTree = "<group>";
		};
		5C0CCCE9275B41BE006D5BBF /* LaunchScreen.storyboard */ = {
			isa = PBXVariantGroup;
			children = (
				5C0CCCEA275B41BE006D5BBF /* Base */,
			);
			name = LaunchScreen.storyboard;
			sourceTree = "<group>";
		};
/* End PBXVariantGroup section */

/* Begin XCBuildConfiguration section */
		5C0CCD03275B41BF006D5BBF /* Debug */ = {
			isa = XCBuildConfiguration;
			buildSettings = {
				ALWAYS_SEARCH_USER_PATHS = NO;
				CLANG_ANALYZER_NONNULL = YES;
				CLANG_ANALYZER_NUMBER_OBJECT_CONVERSION = YES_AGGRESSIVE;
				CLANG_CXX_LANGUAGE_STANDARD = "gnu++17";
				CLANG_CXX_LIBRARY = "libc++";
				CLANG_ENABLE_MODULES = YES;
				CLANG_ENABLE_OBJC_ARC = YES;
				CLANG_ENABLE_OBJC_WEAK = YES;
				CLANG_WARN_BLOCK_CAPTURE_AUTORELEASING = YES;
				CLANG_WARN_BOOL_CONVERSION = YES;
				CLANG_WARN_COMMA = YES;
				CLANG_WARN_CONSTANT_CONVERSION = YES;
				CLANG_WARN_DEPRECATED_OBJC_IMPLEMENTATIONS = YES;
				CLANG_WARN_DIRECT_OBJC_ISA_USAGE = YES_ERROR;
				CLANG_WARN_DOCUMENTATION_COMMENTS = YES;
				CLANG_WARN_EMPTY_BODY = YES;
				CLANG_WARN_ENUM_CONVERSION = YES;
				CLANG_WARN_INFINITE_RECURSION = YES;
				CLANG_WARN_INT_CONVERSION = YES;
				CLANG_WARN_NON_LITERAL_NULL_CONVERSION = YES;
				CLANG_WARN_OBJC_IMPLICIT_RETAIN_SELF = YES;
				CLANG_WARN_OBJC_LITERAL_CONVERSION = YES;
				CLANG_WARN_OBJC_ROOT_CLASS = YES_ERROR;
				CLANG_WARN_QUOTED_INCLUDE_IN_FRAMEWORK_HEADER = YES;
				CLANG_WARN_RANGE_LOOP_ANALYSIS = YES;
				CLANG_WARN_STRICT_PROTOTYPES = YES;
				CLANG_WARN_SUSPICIOUS_MOVE = YES;
				CLANG_WARN_UNGUARDED_AVAILABILITY = YES_AGGRESSIVE;
				CLANG_WARN_UNREACHABLE_CODE = YES;
				CLANG_WARN__DUPLICATE_METHOD_MATCH = YES;
				COPY_PHASE_STRIP = NO;
				DEBUG_INFORMATION_FORMAT = dwarf;
				ENABLE_STRICT_OBJC_MSGSEND = YES;
				ENABLE_TESTABILITY = YES;
				GCC_C_LANGUAGE_STANDARD = gnu11;
				GCC_DYNAMIC_NO_PIC = NO;
				GCC_NO_COMMON_BLOCKS = YES;
				GCC_OPTIMIZATION_LEVEL = 0;
				GCC_PREPROCESSOR_DEFINITIONS = (
					"DEBUG=1",
					"$(inherited)",
				);
				GCC_WARN_64_TO_32_BIT_CONVERSION = YES;
				GCC_WARN_ABOUT_RETURN_TYPE = YES_ERROR;
				GCC_WARN_UNDECLARED_SELECTOR = YES;
				GCC_WARN_UNINITIALIZED_AUTOS = YES_AGGRESSIVE;
				GCC_WARN_UNUSED_FUNCTION = YES;
				GCC_WARN_UNUSED_VARIABLE = YES;
				IPHONEOS_DEPLOYMENT_TARGET = 15.0;
				MTL_ENABLE_DEBUG_INFO = INCLUDE_SOURCE;
				MTL_FAST_MATH = YES;
				ONLY_ACTIVE_ARCH = YES;
				SDKROOT = iphoneos;
				SWIFT_ACTIVE_COMPILATION_CONDITIONS = DEBUG;
				SWIFT_OPTIMIZATION_LEVEL = "-Onone";
			};
			name = Debug;
		};
		5C0CCD04275B41BF006D5BBF /* Release */ = {
			isa = XCBuildConfiguration;
			buildSettings = {
				ALWAYS_SEARCH_USER_PATHS = NO;
				CLANG_ANALYZER_NONNULL = YES;
				CLANG_ANALYZER_NUMBER_OBJECT_CONVERSION = YES_AGGRESSIVE;
				CLANG_CXX_LANGUAGE_STANDARD = "gnu++17";
				CLANG_CXX_LIBRARY = "libc++";
				CLANG_ENABLE_MODULES = YES;
				CLANG_ENABLE_OBJC_ARC = YES;
				CLANG_ENABLE_OBJC_WEAK = YES;
				CLANG_WARN_BLOCK_CAPTURE_AUTORELEASING = YES;
				CLANG_WARN_BOOL_CONVERSION = YES;
				CLANG_WARN_COMMA = YES;
				CLANG_WARN_CONSTANT_CONVERSION = YES;
				CLANG_WARN_DEPRECATED_OBJC_IMPLEMENTATIONS = YES;
				CLANG_WARN_DIRECT_OBJC_ISA_USAGE = YES_ERROR;
				CLANG_WARN_DOCUMENTATION_COMMENTS = YES;
				CLANG_WARN_EMPTY_BODY = YES;
				CLANG_WARN_ENUM_CONVERSION = YES;
				CLANG_WARN_INFINITE_RECURSION = YES;
				CLANG_WARN_INT_CONVERSION = YES;
				CLANG_WARN_NON_LITERAL_NULL_CONVERSION = YES;
				CLANG_WARN_OBJC_IMPLICIT_RETAIN_SELF = YES;
				CLANG_WARN_OBJC_LITERAL_CONVERSION = YES;
				CLANG_WARN_OBJC_ROOT_CLASS = YES_ERROR;
				CLANG_WARN_QUOTED_INCLUDE_IN_FRAMEWORK_HEADER = YES;
				CLANG_WARN_RANGE_LOOP_ANALYSIS = YES;
				CLANG_WARN_STRICT_PROTOTYPES = YES;
				CLANG_WARN_SUSPICIOUS_MOVE = YES;
				CLANG_WARN_UNGUARDED_AVAILABILITY = YES_AGGRESSIVE;
				CLANG_WARN_UNREACHABLE_CODE = YES;
				CLANG_WARN__DUPLICATE_METHOD_MATCH = YES;
				COPY_PHASE_STRIP = NO;
				DEBUG_INFORMATION_FORMAT = "dwarf-with-dsym";
				ENABLE_NS_ASSERTIONS = NO;
				ENABLE_STRICT_OBJC_MSGSEND = YES;
				GCC_C_LANGUAGE_STANDARD = gnu11;
				GCC_NO_COMMON_BLOCKS = YES;
				GCC_WARN_64_TO_32_BIT_CONVERSION = YES;
				GCC_WARN_ABOUT_RETURN_TYPE = YES_ERROR;
				GCC_WARN_UNDECLARED_SELECTOR = YES;
				GCC_WARN_UNINITIALIZED_AUTOS = YES_AGGRESSIVE;
				GCC_WARN_UNUSED_FUNCTION = YES;
				GCC_WARN_UNUSED_VARIABLE = YES;
				IPHONEOS_DEPLOYMENT_TARGET = 15.0;
				MTL_ENABLE_DEBUG_INFO = NO;
				MTL_FAST_MATH = YES;
				SDKROOT = iphoneos;
				SWIFT_COMPILATION_MODE = wholemodule;
				SWIFT_OPTIMIZATION_LEVEL = "-O";
				VALIDATE_PRODUCT = YES;
			};
			name = Release;
		};
		5C0CCD06275B41BF006D5BBF /* Debug */ = {
			isa = XCBuildConfiguration;
			buildSettings = {
				ASSETCATALOG_COMPILER_APPICON_NAME = AppIcon;
				ASSETCATALOG_COMPILER_GLOBAL_ACCENT_COLOR_NAME = AccentColor;
				CODE_SIGN_STYLE = Automatic;
				CURRENT_PROJECT_VERSION = 1;
				DEVELOPMENT_TEAM = BBP79TNKTL;
				GENERATE_INFOPLIST_FILE = YES;
				INFOPLIST_FILE = SoundVisualizer/Info.plist;
				INFOPLIST_KEY_UIApplicationSupportsIndirectInputEvents = YES;
				INFOPLIST_KEY_UILaunchStoryboardName = LaunchScreen;
				INFOPLIST_KEY_UIMainStoryboardFile = Main;
				INFOPLIST_KEY_UISupportedInterfaceOrientations_iPad = "UIInterfaceOrientationPortrait UIInterfaceOrientationPortraitUpsideDown UIInterfaceOrientationLandscapeLeft UIInterfaceOrientationLandscapeRight";
				INFOPLIST_KEY_UISupportedInterfaceOrientations_iPhone = "UIInterfaceOrientationPortrait UIInterfaceOrientationLandscapeLeft UIInterfaceOrientationLandscapeRight";
				LD_RUNPATH_SEARCH_PATHS = (
					"$(inherited)",
					"@executable_path/Frameworks",
				);
				MARKETING_VERSION = 1.0;
				PRODUCT_BUNDLE_IDENTIFIER = oyatom.SoundVisualizer;
				PRODUCT_NAME = "$(TARGET_NAME)";
				SWIFT_EMIT_LOC_STRINGS = YES;
				SWIFT_VERSION = 5.0;
				TARGETED_DEVICE_FAMILY = "1,2";
			};
			name = Debug;
		};
		5C0CCD07275B41BF006D5BBF /* Release */ = {
			isa = XCBuildConfiguration;
			buildSettings = {
				ASSETCATALOG_COMPILER_APPICON_NAME = AppIcon;
				ASSETCATALOG_COMPILER_GLOBAL_ACCENT_COLOR_NAME = AccentColor;
				CODE_SIGN_STYLE = Automatic;
				CURRENT_PROJECT_VERSION = 1;
				DEVELOPMENT_TEAM = BBP79TNKTL;
				GENERATE_INFOPLIST_FILE = YES;
				INFOPLIST_FILE = SoundVisualizer/Info.plist;
				INFOPLIST_KEY_UIApplicationSupportsIndirectInputEvents = YES;
				INFOPLIST_KEY_UILaunchStoryboardName = LaunchScreen;
				INFOPLIST_KEY_UIMainStoryboardFile = Main;
				INFOPLIST_KEY_UISupportedInterfaceOrientations_iPad = "UIInterfaceOrientationPortrait UIInterfaceOrientationPortraitUpsideDown UIInterfaceOrientationLandscapeLeft UIInterfaceOrientationLandscapeRight";
				INFOPLIST_KEY_UISupportedInterfaceOrientations_iPhone = "UIInterfaceOrientationPortrait UIInterfaceOrientationLandscapeLeft UIInterfaceOrientationLandscapeRight";
				LD_RUNPATH_SEARCH_PATHS = (
					"$(inherited)",
					"@executable_path/Frameworks",
				);
				MARKETING_VERSION = 1.0;
				PRODUCT_BUNDLE_IDENTIFIER = oyatom.SoundVisualizer;
				PRODUCT_NAME = "$(TARGET_NAME)";
				SWIFT_EMIT_LOC_STRINGS = YES;
				SWIFT_VERSION = 5.0;
				TARGETED_DEVICE_FAMILY = "1,2";
			};
			name = Release;
		};
		5C0CCD09275B41BF006D5BBF /* Debug */ = {
			isa = XCBuildConfiguration;
			buildSettings = {
				ALWAYS_EMBED_SWIFT_STANDARD_LIBRARIES = YES;
				BUNDLE_LOADER = "$(TEST_HOST)";
				CODE_SIGN_STYLE = Automatic;
				CURRENT_PROJECT_VERSION = 1;
				DEVELOPMENT_TEAM = BBP79TNKTL;
				GENERATE_INFOPLIST_FILE = YES;
				IPHONEOS_DEPLOYMENT_TARGET = 15.0;
				LD_RUNPATH_SEARCH_PATHS = (
					"$(inherited)",
					"@executable_path/Frameworks",
					"@loader_path/Frameworks",
				);
				MARKETING_VERSION = 1.0;
				PRODUCT_BUNDLE_IDENTIFIER = oyatom.SoundVisualizerTests;
				PRODUCT_NAME = "$(TARGET_NAME)";
				SWIFT_EMIT_LOC_STRINGS = NO;
				SWIFT_VERSION = 5.0;
				TARGETED_DEVICE_FAMILY = "1,2";
				TEST_HOST = "$(BUILT_PRODUCTS_DIR)/SoundVisualizer.app/SoundVisualizer";
			};
			name = Debug;
		};
		5C0CCD0A275B41BF006D5BBF /* Release */ = {
			isa = XCBuildConfiguration;
			buildSettings = {
				ALWAYS_EMBED_SWIFT_STANDARD_LIBRARIES = YES;
				BUNDLE_LOADER = "$(TEST_HOST)";
				CODE_SIGN_STYLE = Automatic;
				CURRENT_PROJECT_VERSION = 1;
				DEVELOPMENT_TEAM = BBP79TNKTL;
				GENERATE_INFOPLIST_FILE = YES;
				IPHONEOS_DEPLOYMENT_TARGET = 15.0;
				LD_RUNPATH_SEARCH_PATHS = (
					"$(inherited)",
					"@executable_path/Frameworks",
					"@loader_path/Frameworks",
				);
				MARKETING_VERSION = 1.0;
				PRODUCT_BUNDLE_IDENTIFIER = oyatom.SoundVisualizerTests;
				PRODUCT_NAME = "$(TARGET_NAME)";
				SWIFT_EMIT_LOC_STRINGS = NO;
				SWIFT_VERSION = 5.0;
				TARGETED_DEVICE_FAMILY = "1,2";
				TEST_HOST = "$(BUILT_PRODUCTS_DIR)/SoundVisualizer.app/SoundVisualizer";
			};
			name = Release;
		};
		5C0CCD0C275B41BF006D5BBF /* Debug */ = {
			isa = XCBuildConfiguration;
			buildSettings = {
				ALWAYS_EMBED_SWIFT_STANDARD_LIBRARIES = YES;
				CODE_SIGN_STYLE = Automatic;
				CURRENT_PROJECT_VERSION = 1;
				DEVELOPMENT_TEAM = BBP79TNKTL;
				GENERATE_INFOPLIST_FILE = YES;
				LD_RUNPATH_SEARCH_PATHS = (
					"$(inherited)",
					"@executable_path/Frameworks",
					"@loader_path/Frameworks",
				);
				MARKETING_VERSION = 1.0;
				PRODUCT_BUNDLE_IDENTIFIER = oyatom.SoundVisualizerUITests;
				PRODUCT_NAME = "$(TARGET_NAME)";
				SWIFT_EMIT_LOC_STRINGS = NO;
				SWIFT_VERSION = 5.0;
				TARGETED_DEVICE_FAMILY = "1,2";
				TEST_TARGET_NAME = SoundVisualizer;
			};
			name = Debug;
		};
		5C0CCD0D275B41BF006D5BBF /* Release */ = {
			isa = XCBuildConfiguration;
			buildSettings = {
				ALWAYS_EMBED_SWIFT_STANDARD_LIBRARIES = YES;
				CODE_SIGN_STYLE = Automatic;
				CURRENT_PROJECT_VERSION = 1;
				DEVELOPMENT_TEAM = BBP79TNKTL;
				GENERATE_INFOPLIST_FILE = YES;
				LD_RUNPATH_SEARCH_PATHS = (
					"$(inherited)",
					"@executable_path/Frameworks",
					"@loader_path/Frameworks",
				);
				MARKETING_VERSION = 1.0;
				PRODUCT_BUNDLE_IDENTIFIER = oyatom.SoundVisualizerUITests;
				PRODUCT_NAME = "$(TARGET_NAME)";
				SWIFT_EMIT_LOC_STRINGS = NO;
				SWIFT_VERSION = 5.0;
				TARGETED_DEVICE_FAMILY = "1,2";
				TEST_TARGET_NAME = SoundVisualizer;
			};
			name = Release;
		};
/* End XCBuildConfiguration section */

/* Begin XCConfigurationList section */
		5C0CCCD3275B41BD006D5BBF /* Build configuration list for PBXProject "SoundVisualizer" */ = {
			isa = XCConfigurationList;
			buildConfigurations = (
				5C0CCD03275B41BF006D5BBF /* Debug */,
				5C0CCD04275B41BF006D5BBF /* Release */,
			);
			defaultConfigurationIsVisible = 0;
			defaultConfigurationName = Release;
		};
		5C0CCD05275B41BF006D5BBF /* Build configuration list for PBXNativeTarget "SoundVisualizer" */ = {
			isa = XCConfigurationList;
			buildConfigurations = (
				5C0CCD06275B41BF006D5BBF /* Debug */,
				5C0CCD07275B41BF006D5BBF /* Release */,
			);
			defaultConfigurationIsVisible = 0;
			defaultConfigurationName = Release;
		};
		5C0CCD08275B41BF006D5BBF /* Build configuration list for PBXNativeTarget "SoundVisualizerTests" */ = {
			isa = XCConfigurationList;
			buildConfigurations = (
				5C0CCD09275B41BF006D5BBF /* Debug */,
				5C0CCD0A275B41BF006D5BBF /* Release */,
			);
			defaultConfigurationIsVisible = 0;
			defaultConfigurationName = Release;
		};
		5C0CCD0B275B41BF006D5BBF /* Build configuration list for PBXNativeTarget "SoundVisualizerUITests" */ = {
			isa = XCConfigurationList;
			buildConfigurations = (
				5C0CCD0C275B41BF006D5BBF /* Debug */,
				5C0CCD0D275B41BF006D5BBF /* Release */,
			);
			defaultConfigurationIsVisible = 0;
			defaultConfigurationName = Release;
		};
/* End XCConfigurationList section */

/* Begin XCVersionGroup section */
		5C0CCCE4275B41BD006D5BBF /* SoundVisualizer.xcdatamodeld */ = {
			isa = XCVersionGroup;
			children = (
				5C0CCCE5275B41BD006D5BBF /* SoundVisualizer.xcdatamodel */,
			);
			currentVersion = 5C0CCCE5275B41BD006D5BBF /* SoundVisualizer.xcdatamodel */;
			path = SoundVisualizer.xcdatamodeld;
			sourceTree = "<group>";
			versionGroupType = wrapper.xcdatamodel;
		};
/* End XCVersionGroup section */
	};
	rootObject = 5C0CCCD0275B41BD006D5BBF /* Project object */;
}
